
Microsoft Visual Studio Solution File, Format Version 12.00
# Visual Studio Version 17
VisualStudioVersion = 17.3.32929.385
MinimumVisualStudioVersion = 10.0.40219.1
Project("{FAE04EC0-301F-11D3-BF4B-00C04F79EFBC}") = "Autentificare JWT", "Autentificare JWT\Autentificare JWT.csproj", "{3D0C00C6-2150-49C0-A7C1-390DD344B3C7}"
EndProject
Global
	GlobalSection(SolutionConfigurationPlatforms) = preSolution
		Debug|Any CPU = Debug|Any CPU
		Release|Any CPU = Release|Any CPU
	EndGlobalSection
	GlobalSection(ProjectConfigurationPlatforms) = postSolution
		{3D0C00C6-2150-49C0-A7C1-390DD344B3C7}.Debug|Any CPU.ActiveCfg = Debug|Any CPU
		{3D0C00C6-2150-49C0-A7C1-390DD344B3C7}.Debug|Any CPU.Build.0 = Debug|Any CPU
		{3D0C00C6-2150-49C0-A7C1-390DD344B3C7}.Release|Any CPU.ActiveCfg = Release|Any CPU
		{3D0C00C6-2150-49C0-A7C1-390DD344B3C7}.Release|Any CPU.Build.0 = Release|Any CPU
	EndGlobalSection
	GlobalSection(SolutionProperties) = preSolution
		HideSolutionNode = FALSE
	EndGlobalSection
	GlobalSection(ExtensibilityGlobals) = postSolution
		SolutionGuid = {5477A661-DEE5-4F3C-9825-74BBD4650801}
	EndGlobalSection
EndGlobal
