
Microsoft Visual Studio Solution File, Format Version 12.00
# Visual Studio Version 17
VisualStudioVersion = 17.3.32929.385
MinimumVisualStudioVersion = 10.0.40219.1
Project("{FAE04EC0-301F-11D3-BF4B-00C04F79EFBC}") = "Autentificare JWT", "Autentificare JWT\Autentificare JWT.csproj", "{C248C796-7303-4B10-A052-3A472380C2CA}"
EndProject
Global
	GlobalSection(SolutionConfigurationPlatforms) = preSolution
		Debug|Any CPU = Debug|Any CPU
		Release|Any CPU = Release|Any CPU
	EndGlobalSection
	GlobalSection(ProjectConfigurationPlatforms) = postSolution
		{C248C796-7303-4B10-A052-3A472380C2CA}.Debug|Any CPU.ActiveCfg = Debug|Any CPU
		{C248C796-7303-4B10-A052-3A472380C2CA}.Debug|Any CPU.Build.0 = Debug|Any CPU
		{C248C796-7303-4B10-A052-3A472380C2CA}.Release|Any CPU.ActiveCfg = Release|Any CPU
		{C248C796-7303-4B10-A052-3A472380C2CA}.Release|Any CPU.Build.0 = Release|Any CPU
	EndGlobalSection
	GlobalSection(SolutionProperties) = preSolution
		HideSolutionNode = FALSE
	EndGlobalSection
	GlobalSection(ExtensibilityGlobals) = postSolution
		SolutionGuid = {E4362219-FEFA-4AA2-A773-2F4ABE4D1CF0}
	EndGlobalSection
EndGlobal
